
Microsoft Visual Studio Solution File, Format Version 12.00
# Visual Studio Version 17
VisualStudioVersion = 17.4.33213.308
MinimumVisualStudioVersion = 10.0.40219.1
Project("{FAE04EC0-301F-11D3-BF4B-00C04F79EFBC}") = "MsgApp_ASPNET", "MsgApp_ASPNET\MsgApp_ASPNET.csproj", "{F29F1F2D-BECD-41DE-984F-77F5F56170BA}"
EndProject
Project("{FAE04EC0-301F-11D3-BF4B-00C04F79EFBC}") = "MessagingRestfulService", "MessagingRestfulService\MessagingRestfulService.csproj", "{93062766-4D0D-4211-A3A7-B0C0417A24EE}"
EndProject
Global
	GlobalSection(SolutionConfigurationPlatforms) = preSolution
		Debug|Any CPU = Debug|Any CPU
		Release|Any CPU = Release|Any CPU
	EndGlobalSection
	GlobalSection(ProjectConfigurationPlatforms) = postSolution
		{F29F1F2D-BECD-41DE-984F-77F5F56170BA}.Debug|Any CPU.ActiveCfg = Debug|Any CPU
		{F29F1F2D-BECD-41DE-984F-77F5F56170BA}.Debug|Any CPU.Build.0 = Debug|Any CPU
		{F29F1F2D-BECD-41DE-984F-77F5F56170BA}.Release|Any CPU.ActiveCfg = Release|Any CPU
		{F29F1F2D-BECD-41DE-984F-77F5F56170BA}.Release|Any CPU.Build.0 = Release|Any CPU
		{93062766-4D0D-4211-A3A7-B0C0417A24EE}.Debug|Any CPU.ActiveCfg = Debug|Any CPU
		{93062766-4D0D-4211-A3A7-B0C0417A24EE}.Debug|Any CPU.Build.0 = Debug|Any CPU
		{93062766-4D0D-4211-A3A7-B0C0417A24EE}.Release|Any CPU.ActiveCfg = Release|Any CPU
		{93062766-4D0D-4211-A3A7-B0C0417A24EE}.Release|Any CPU.Build.0 = Release|Any CPU
	EndGlobalSection
	GlobalSection(SolutionProperties) = preSolution
		HideSolutionNode = FALSE
	EndGlobalSection
	GlobalSection(ExtensibilityGlobals) = postSolution
		SolutionGuid = {CA95D842-A537-4018-B4BF-C7D4D0089146}
	EndGlobalSection
EndGlobal
